
Microsoft Visual Studio Solution File, Format Version 12.00
# Visual Studio Version 17
VisualStudioVersion = 17.2.32519.379
MinimumVisualStudioVersion = 10.0.40219.1
Project("{FAE04EC0-301F-11D3-BF4B-00C04F79EFBC}") = "test", "test.csproj", "{FF6A0B25-1328-4939-A45D-F6374641FB14}"
EndProject
Global
	GlobalSection(SolutionConfigurationPlatforms) = preSolution
		Debug|Any CPU = Debug|Any CPU
		Release|Any CPU = Release|Any CPU
	EndGlobalSection
	GlobalSection(ProjectConfigurationPlatforms) = postSolution
		{FF6A0B25-1328-4939-A45D-F6374641FB14}.Debug|Any CPU.ActiveCfg = Debug|Any CPU
		{FF6A0B25-1328-4939-A45D-F6374641FB14}.Debug|Any CPU.Build.0 = Debug|Any CPU
		{FF6A0B25-1328-4939-A45D-F6374641FB14}.Release|Any CPU.ActiveCfg = Release|Any CPU
		{FF6A0B25-1328-4939-A45D-F6374641FB14}.Release|Any CPU.Build.0 = Release|Any CPU
	EndGlobalSection
	GlobalSection(SolutionProperties) = preSolution
		HideSolutionNode = FALSE
	EndGlobalSection
	GlobalSection(ExtensibilityGlobals) = postSolution
		SolutionGuid = {68C36247-F89D-43C2-8292-99D75B22FAE7}
	EndGlobalSection
EndGlobal
